// !$*UTF8*$!
{
	archiveVersion = 1;
	classes = {
	};
	objectVersion = 51;
	objects = {

/* Begin PBXBuildFile section */
		6F2DA6FAE09FB4B053909853 /* Pods_FamilyJira.framework in Frameworks */ = {isa = PBXBuildFile; fileRef = BDC22B6BB464A22A1587E723 /* Pods_FamilyJira.framework */; };
		8951C0ADB8771EB6C02636BB /* Pods_FamilyJira_FamilyJiraTests.framework in Frameworks */ = {isa = PBXBuildFile; fileRef = ECB23BB9804D1578394DEECD /* Pods_FamilyJira_FamilyJiraTests.framework */; };
		9C0E1F1B2449066B009A184A /* NoBoardViewController.swift in Sources */ = {isa = PBXBuildFile; fileRef = 9C0E1F1A2449066B009A184A /* NoBoardViewController.swift */; };
		9C0E1F1D244906C7009A184A /* NoBoardView.swift in Sources */ = {isa = PBXBuildFile; fileRef = 9C0E1F1C244906C7009A184A /* NoBoardView.swift */; };
		9C0FA15824466D92001E734C /* TaskCoordinator.swift in Sources */ = {isa = PBXBuildFile; fileRef = 9C0FA15724466D92001E734C /* TaskCoordinator.swift */; };
		9C0FA15A24466DD9001E734C /* TaskViewModel.swift in Sources */ = {isa = PBXBuildFile; fileRef = 9C0FA15924466DD9001E734C /* TaskViewModel.swift */; };
		9C0FA15C24467363001E734C /* TaskView.swift in Sources */ = {isa = PBXBuildFile; fileRef = 9C0FA15B24467363001E734C /* TaskView.swift */; };
		9C332E3F244229D50063F98A /* SettingsViewModel.swift in Sources */ = {isa = PBXBuildFile; fileRef = 9C332E3E244229D50063F98A /* SettingsViewModel.swift */; };
		9C332E4124422A460063F98A /* FamilyJiraDI.swift in Sources */ = {isa = PBXBuildFile; fileRef = 9C332E4024422A460063F98A /* FamilyJiraDI.swift */; };
		9C332E4324423DC40063F98A /* ProfileSection.swift in Sources */ = {isa = PBXBuildFile; fileRef = 9C332E4224423DC40063F98A /* ProfileSection.swift */; };
		9C332E4524423F280063F98A /* ProfileCell.swift in Sources */ = {isa = PBXBuildFile; fileRef = 9C332E4424423F280063F98A /* ProfileCell.swift */; };
		9C332E47244252500063F98A /* UIImageView+.swift in Sources */ = {isa = PBXBuildFile; fileRef = 9C332E46244252500063F98A /* UIImageView+.swift */; };
		9C332E49244268C90063F98A /* SettingsCell.swift in Sources */ = {isa = PBXBuildFile; fileRef = 9C332E48244268C90063F98A /* SettingsCell.swift */; };
		9C332E4B24426A270063F98A /* PreferencesSection.swift in Sources */ = {isa = PBXBuildFile; fileRef = 9C332E4A24426A270063F98A /* PreferencesSection.swift */; };
		9C332E4D24426E240063F98A /* Settings.swift in Sources */ = {isa = PBXBuildFile; fileRef = 9C332E4C24426E240063F98A /* Settings.swift */; };
		9C332E4F244342F60063F98A /* NotImplementedViewController.swift in Sources */ = {isa = PBXBuildFile; fileRef = 9C332E4E244342F60063F98A /* NotImplementedViewController.swift */; };
		9C332E51244362540063F98A /* ProfileViewController.swift in Sources */ = {isa = PBXBuildFile; fileRef = 9C332E50244362540063F98A /* ProfileViewController.swift */; };
		9C332E53244362B00063F98A /* ProfileCoordinator.swift in Sources */ = {isa = PBXBuildFile; fileRef = 9C332E52244362B00063F98A /* ProfileCoordinator.swift */; };
		9C332E55244362BD0063F98A /* ProfileViewModel.swift in Sources */ = {isa = PBXBuildFile; fileRef = 9C332E54244362BD0063F98A /* ProfileViewModel.swift */; };
		9C332E57244365E10063F98A /* ProfileView.swift in Sources */ = {isa = PBXBuildFile; fileRef = 9C332E56244365E10063F98A /* ProfileView.swift */; };
		9C332E5924438FC30063F98A /* MyTasksViewModel.swift in Sources */ = {isa = PBXBuildFile; fileRef = 9C332E5824438FC30063F98A /* MyTasksViewModel.swift */; };
		9C332E5B2443913A0063F98A /* Task.swift in Sources */ = {isa = PBXBuildFile; fileRef = 9C332E5A2443913A0063F98A /* Task.swift */; };
		9C332E5D244392F40063F98A /* TaskCell.swift in Sources */ = {isa = PBXBuildFile; fileRef = 9C332E5C244392F40063F98A /* TaskCell.swift */; };
		9C332E5F2443C2900063F98A /* TaskViewController.swift in Sources */ = {isa = PBXBuildFile; fileRef = 9C332E5E2443C2900063F98A /* TaskViewController.swift */; };
		9C6467B4240E4A9A0099BC93 /* User.swift in Sources */ = {isa = PBXBuildFile; fileRef = 9C6467B3240E4A9A0099BC93 /* User.swift */; };
		9CB85074240709FB004AAC23 /* LoginRegistrationViewModel.swift in Sources */ = {isa = PBXBuildFile; fileRef = 9CB85073240709FB004AAC23 /* LoginRegistrationViewModel.swift */; };
		9CB85076240710CF004AAC23 /* LoginRegistrationEvent.swift in Sources */ = {isa = PBXBuildFile; fileRef = 9CB85075240710CF004AAC23 /* LoginRegistrationEvent.swift */; };
		9CB8507824071148004AAC23 /* LoginError.swift in Sources */ = {isa = PBXBuildFile; fileRef = 9CB8507724071148004AAC23 /* LoginError.swift */; };
		9CF7D6CE2401832900760442 /* AppDelegate.swift in Sources */ = {isa = PBXBuildFile; fileRef = 9CF7D6CD2401832900760442 /* AppDelegate.swift */; };
		9CF7D6D22401832900760442 /* TabBarCoordinator.swift in Sources */ = {isa = PBXBuildFile; fileRef = 9CF7D6D12401832900760442 /* TabBarCoordinator.swift */; };
		9CF7D6D52401832900760442 /* Main.storyboard in Resources */ = {isa = PBXBuildFile; fileRef = 9CF7D6D32401832900760442 /* Main.storyboard */; };
		9CF7D6D72401832A00760442 /* Assets.xcassets in Resources */ = {isa = PBXBuildFile; fileRef = 9CF7D6D62401832A00760442 /* Assets.xcassets */; };
		9CF7D6DA2401832A00760442 /* LaunchScreen.storyboard in Resources */ = {isa = PBXBuildFile; fileRef = 9CF7D6D82401832A00760442 /* LaunchScreen.storyboard */; };
		9CF7D6E52401832B00760442 /* FamilyJiraTests.swift in Sources */ = {isa = PBXBuildFile; fileRef = 9CF7D6E42401832B00760442 /* FamilyJiraTests.swift */; };
		9CF7D6F52401A79C00760442 /* HomeViewController.swift in Sources */ = {isa = PBXBuildFile; fileRef = 9CF7D6F42401A79C00760442 /* HomeViewController.swift */; };
		9CF7D6F92401A7CF00760442 /* MyTasksViewController.swift in Sources */ = {isa = PBXBuildFile; fileRef = 9CF7D6F82401A7CF00760442 /* MyTasksViewController.swift */; };
		9CF7D6FB2401A7DA00760442 /* SettingsViewController.swift in Sources */ = {isa = PBXBuildFile; fileRef = 9CF7D6FA2401A7DA00760442 /* SettingsViewController.swift */; };
		9CF7D7002401AC0000760442 /* UIImage+.swift in Sources */ = {isa = PBXBuildFile; fileRef = 9CF7D6FF2401AC0000760442 /* UIImage+.swift */; };
		9CF7D7022401AF6200760442 /* UITabBarItem+Tabs.swift in Sources */ = {isa = PBXBuildFile; fileRef = 9CF7D7012401AF6200760442 /* UITabBarItem+Tabs.swift */; };
		9CF7D7052401AFC300760442 /* Tabs.swift in Sources */ = {isa = PBXBuildFile; fileRef = 9CF7D7042401AFC300760442 /* Tabs.swift */; };
		9CF7D70C2401B6DF00760442 /* LoginRegistrationViewController.swift in Sources */ = {isa = PBXBuildFile; fileRef = 9CF7D70B2401B6DF00760442 /* LoginRegistrationViewController.swift */; };
		9CF7D70F2401B7B300760442 /* BaseView.swift in Sources */ = {isa = PBXBuildFile; fileRef = 9CF7D70E2401B7B300760442 /* BaseView.swift */; };
		9CF7D7162401B83A00760442 /* LoginRegistrationView.swift in Sources */ = {isa = PBXBuildFile; fileRef = 9CF7D7152401B83A00760442 /* LoginRegistrationView.swift */; };
		9CF7D7182401C83500760442 /* LoginRegistrationCoordinator.swift in Sources */ = {isa = PBXBuildFile; fileRef = 9CF7D7172401C83500760442 /* LoginRegistrationCoordinator.swift */; };
		9CF7D71A2401CDF100760442 /* GoogleService-Info.plist in Resources */ = {isa = PBXBuildFile; fileRef = 9CF7D7192401CDF100760442 /* GoogleService-Info.plist */; };
		9CF7D71C2401CEA000760442 /* UIColor+.swift in Sources */ = {isa = PBXBuildFile; fileRef = 9CF7D71B2401CEA000760442 /* UIColor+.swift */; };
		9CF7D71E2401E85E00760442 /* UIViewController+.swift in Sources */ = {isa = PBXBuildFile; fileRef = 9CF7D71D2401E85E00760442 /* UIViewController+.swift */; };
		9CF7D7212402CF1A00760442 /* FirebaseService.swift in Sources */ = {isa = PBXBuildFile; fileRef = 9CF7D7202402CF1A00760442 /* FirebaseService.swift */; };
		9CF7D7232402D2E500760442 /* HomeCoordinator.swift in Sources */ = {isa = PBXBuildFile; fileRef = 9CF7D7222402D2E500760442 /* HomeCoordinator.swift */; };
		9CF7D7252402D2F200760442 /* MyTasksCoordinator.swift in Sources */ = {isa = PBXBuildFile; fileRef = 9CF7D7242402D2F200760442 /* MyTasksCoordinator.swift */; };
		9CF7D7272402D2FE00760442 /* SettingsCoordinator.swift in Sources */ = {isa = PBXBuildFile; fileRef = 9CF7D7262402D2FE00760442 /* SettingsCoordinator.swift */; };
		9CF7D729240304F600760442 /* Notification.Name+.swift in Sources */ = {isa = PBXBuildFile; fileRef = 9CF7D728240304F600760442 /* Notification.Name+.swift */; };
/* End PBXBuildFile section */

/* Begin PBXContainerItemProxy section */
		9CF7D6E12401832B00760442 /* PBXContainerItemProxy */ = {
			isa = PBXContainerItemProxy;
			containerPortal = 9CF7D6C22401832900760442 /* Project object */;
			proxyType = 1;
			remoteGlobalIDString = 9CF7D6C92401832900760442;
			remoteInfo = FamilyJira;
		};
/* End PBXContainerItemProxy section */

/* Begin PBXFileReference section */
		9C0E1F1A2449066B009A184A /* NoBoardViewController.swift */ = {isa = PBXFileReference; lastKnownFileType = sourcecode.swift; path = NoBoardViewController.swift; sourceTree = "<group>"; };
		9C0E1F1C244906C7009A184A /* NoBoardView.swift */ = {isa = PBXFileReference; lastKnownFileType = sourcecode.swift; path = NoBoardView.swift; sourceTree = "<group>"; };
		9C0FA15724466D92001E734C /* TaskCoordinator.swift */ = {isa = PBXFileReference; lastKnownFileType = sourcecode.swift; path = TaskCoordinator.swift; sourceTree = "<group>"; };
		9C0FA15924466DD9001E734C /* TaskViewModel.swift */ = {isa = PBXFileReference; lastKnownFileType = sourcecode.swift; path = TaskViewModel.swift; sourceTree = "<group>"; };
		9C0FA15B24467363001E734C /* TaskView.swift */ = {isa = PBXFileReference; lastKnownFileType = sourcecode.swift; path = TaskView.swift; sourceTree = "<group>"; };
		9C332E3E244229D50063F98A /* SettingsViewModel.swift */ = {isa = PBXFileReference; lastKnownFileType = sourcecode.swift; path = SettingsViewModel.swift; sourceTree = "<group>"; };
		9C332E4024422A460063F98A /* FamilyJiraDI.swift */ = {isa = PBXFileReference; lastKnownFileType = sourcecode.swift; path = FamilyJiraDI.swift; sourceTree = "<group>"; };
		9C332E4224423DC40063F98A /* ProfileSection.swift */ = {isa = PBXFileReference; lastKnownFileType = sourcecode.swift; path = ProfileSection.swift; sourceTree = "<group>"; };
		9C332E4424423F280063F98A /* ProfileCell.swift */ = {isa = PBXFileReference; lastKnownFileType = sourcecode.swift; path = ProfileCell.swift; sourceTree = "<group>"; };
		9C332E46244252500063F98A /* UIImageView+.swift */ = {isa = PBXFileReference; lastKnownFileType = sourcecode.swift; path = "UIImageView+.swift"; sourceTree = "<group>"; };
		9C332E48244268C90063F98A /* SettingsCell.swift */ = {isa = PBXFileReference; lastKnownFileType = sourcecode.swift; path = SettingsCell.swift; sourceTree = "<group>"; };
		9C332E4A24426A270063F98A /* PreferencesSection.swift */ = {isa = PBXFileReference; lastKnownFileType = sourcecode.swift; path = PreferencesSection.swift; sourceTree = "<group>"; };
		9C332E4C24426E240063F98A /* Settings.swift */ = {isa = PBXFileReference; lastKnownFileType = sourcecode.swift; path = Settings.swift; sourceTree = "<group>"; };
		9C332E4E244342F60063F98A /* NotImplementedViewController.swift */ = {isa = PBXFileReference; lastKnownFileType = sourcecode.swift; path = NotImplementedViewController.swift; sourceTree = "<group>"; };
		9C332E50244362540063F98A /* ProfileViewController.swift */ = {isa = PBXFileReference; lastKnownFileType = sourcecode.swift; path = ProfileViewController.swift; sourceTree = "<group>"; };
		9C332E52244362B00063F98A /* ProfileCoordinator.swift */ = {isa = PBXFileReference; lastKnownFileType = sourcecode.swift; path = ProfileCoordinator.swift; sourceTree = "<group>"; };
		9C332E54244362BD0063F98A /* ProfileViewModel.swift */ = {isa = PBXFileReference; lastKnownFileType = sourcecode.swift; path = ProfileViewModel.swift; sourceTree = "<group>"; };
		9C332E56244365E10063F98A /* ProfileView.swift */ = {isa = PBXFileReference; lastKnownFileType = sourcecode.swift; path = ProfileView.swift; sourceTree = "<group>"; };
		9C332E5824438FC30063F98A /* MyTasksViewModel.swift */ = {isa = PBXFileReference; lastKnownFileType = sourcecode.swift; path = MyTasksViewModel.swift; sourceTree = "<group>"; };
		9C332E5A2443913A0063F98A /* Task.swift */ = {isa = PBXFileReference; lastKnownFileType = sourcecode.swift; path = Task.swift; sourceTree = "<group>"; };
		9C332E5C244392F40063F98A /* TaskCell.swift */ = {isa = PBXFileReference; lastKnownFileType = sourcecode.swift; path = TaskCell.swift; sourceTree = "<group>"; };
		9C332E5E2443C2900063F98A /* TaskViewController.swift */ = {isa = PBXFileReference; lastKnownFileType = sourcecode.swift; path = TaskViewController.swift; sourceTree = "<group>"; };
		9C6467B3240E4A9A0099BC93 /* User.swift */ = {isa = PBXFileReference; lastKnownFileType = sourcecode.swift; path = User.swift; sourceTree = "<group>"; };
		9CB85073240709FB004AAC23 /* LoginRegistrationViewModel.swift */ = {isa = PBXFileReference; lastKnownFileType = sourcecode.swift; path = LoginRegistrationViewModel.swift; sourceTree = "<group>"; };
		9CB85075240710CF004AAC23 /* LoginRegistrationEvent.swift */ = {isa = PBXFileReference; lastKnownFileType = sourcecode.swift; path = LoginRegistrationEvent.swift; sourceTree = "<group>"; };
		9CB8507724071148004AAC23 /* LoginError.swift */ = {isa = PBXFileReference; lastKnownFileType = sourcecode.swift; path = LoginError.swift; sourceTree = "<group>"; };
		9CF7D6CA2401832900760442 /* FamilyJira.app */ = {isa = PBXFileReference; explicitFileType = wrapper.application; includeInIndex = 0; path = FamilyJira.app; sourceTree = BUILT_PRODUCTS_DIR; };
		9CF7D6CD2401832900760442 /* AppDelegate.swift */ = {isa = PBXFileReference; lastKnownFileType = sourcecode.swift; path = AppDelegate.swift; sourceTree = "<group>"; };
		9CF7D6D12401832900760442 /* TabBarCoordinator.swift */ = {isa = PBXFileReference; lastKnownFileType = sourcecode.swift; path = TabBarCoordinator.swift; sourceTree = "<group>"; };
		9CF7D6D42401832900760442 /* Base */ = {isa = PBXFileReference; lastKnownFileType = file.storyboard; name = Base; path = Base.lproj/Main.storyboard; sourceTree = "<group>"; };
		9CF7D6D62401832A00760442 /* Assets.xcassets */ = {isa = PBXFileReference; lastKnownFileType = folder.assetcatalog; path = Assets.xcassets; sourceTree = "<group>"; };
		9CF7D6D92401832A00760442 /* Base */ = {isa = PBXFileReference; lastKnownFileType = file.storyboard; name = Base; path = Base.lproj/LaunchScreen.storyboard; sourceTree = "<group>"; };
		9CF7D6DB2401832A00760442 /* Info.plist */ = {isa = PBXFileReference; lastKnownFileType = text.plist.xml; path = Info.plist; sourceTree = "<group>"; };
		9CF7D6E02401832B00760442 /* FamilyJiraTests.xctest */ = {isa = PBXFileReference; explicitFileType = wrapper.cfbundle; includeInIndex = 0; path = FamilyJiraTests.xctest; sourceTree = BUILT_PRODUCTS_DIR; };
		9CF7D6E42401832B00760442 /* FamilyJiraTests.swift */ = {isa = PBXFileReference; lastKnownFileType = sourcecode.swift; path = FamilyJiraTests.swift; sourceTree = "<group>"; };
		9CF7D6E62401832B00760442 /* Info.plist */ = {isa = PBXFileReference; lastKnownFileType = text.plist.xml; path = Info.plist; sourceTree = "<group>"; };
		9CF7D6F42401A79C00760442 /* HomeViewController.swift */ = {isa = PBXFileReference; lastKnownFileType = sourcecode.swift; path = HomeViewController.swift; sourceTree = "<group>"; };
		9CF7D6F82401A7CF00760442 /* MyTasksViewController.swift */ = {isa = PBXFileReference; lastKnownFileType = sourcecode.swift; path = MyTasksViewController.swift; sourceTree = "<group>"; };
		9CF7D6FA2401A7DA00760442 /* SettingsViewController.swift */ = {isa = PBXFileReference; lastKnownFileType = sourcecode.swift; path = SettingsViewController.swift; sourceTree = "<group>"; };
		9CF7D6FF2401AC0000760442 /* UIImage+.swift */ = {isa = PBXFileReference; lastKnownFileType = sourcecode.swift; path = "UIImage+.swift"; sourceTree = "<group>"; };
		9CF7D7012401AF6200760442 /* UITabBarItem+Tabs.swift */ = {isa = PBXFileReference; lastKnownFileType = sourcecode.swift; path = "UITabBarItem+Tabs.swift"; sourceTree = "<group>"; };
		9CF7D7042401AFC300760442 /* Tabs.swift */ = {isa = PBXFileReference; lastKnownFileType = sourcecode.swift; path = Tabs.swift; sourceTree = "<group>"; };
		9CF7D70B2401B6DF00760442 /* LoginRegistrationViewController.swift */ = {isa = PBXFileReference; lastKnownFileType = sourcecode.swift; path = LoginRegistrationViewController.swift; sourceTree = "<group>"; };
		9CF7D70E2401B7B300760442 /* BaseView.swift */ = {isa = PBXFileReference; lastKnownFileType = sourcecode.swift; path = BaseView.swift; sourceTree = "<group>"; };
		9CF7D7152401B83A00760442 /* LoginRegistrationView.swift */ = {isa = PBXFileReference; lastKnownFileType = sourcecode.swift; path = LoginRegistrationView.swift; sourceTree = "<group>"; };
		9CF7D7172401C83500760442 /* LoginRegistrationCoordinator.swift */ = {isa = PBXFileReference; lastKnownFileType = sourcecode.swift; path = LoginRegistrationCoordinator.swift; sourceTree = "<group>"; };
		9CF7D7192401CDF100760442 /* GoogleService-Info.plist */ = {isa = PBXFileReference; fileEncoding = 4; lastKnownFileType = text.plist.xml; path = "GoogleService-Info.plist"; sourceTree = "<group>"; };
		9CF7D71B2401CEA000760442 /* UIColor+.swift */ = {isa = PBXFileReference; lastKnownFileType = sourcecode.swift; path = "UIColor+.swift"; sourceTree = "<group>"; };
		9CF7D71D2401E85E00760442 /* UIViewController+.swift */ = {isa = PBXFileReference; lastKnownFileType = sourcecode.swift; path = "UIViewController+.swift"; sourceTree = "<group>"; };
		9CF7D7202402CF1A00760442 /* FirebaseService.swift */ = {isa = PBXFileReference; lastKnownFileType = sourcecode.swift; path = FirebaseService.swift; sourceTree = "<group>"; };
		9CF7D7222402D2E500760442 /* HomeCoordinator.swift */ = {isa = PBXFileReference; lastKnownFileType = sourcecode.swift; path = HomeCoordinator.swift; sourceTree = "<group>"; };
		9CF7D7242402D2F200760442 /* MyTasksCoordinator.swift */ = {isa = PBXFileReference; lastKnownFileType = sourcecode.swift; path = MyTasksCoordinator.swift; sourceTree = "<group>"; };
		9CF7D7262402D2FE00760442 /* SettingsCoordinator.swift */ = {isa = PBXFileReference; lastKnownFileType = sourcecode.swift; path = SettingsCoordinator.swift; sourceTree = "<group>"; };
		9CF7D728240304F600760442 /* Notification.Name+.swift */ = {isa = PBXFileReference; lastKnownFileType = sourcecode.swift; path = "Notification.Name+.swift"; sourceTree = "<group>"; };
		B5AD1048D675F925E54097C4 /* Pods-FamilyJira.debug.xcconfig */ = {isa = PBXFileReference; includeInIndex = 1; lastKnownFileType = text.xcconfig; name = "Pods-FamilyJira.debug.xcconfig"; path = "Target Support Files/Pods-FamilyJira/Pods-FamilyJira.debug.xcconfig"; sourceTree = "<group>"; };
		BDC22B6BB464A22A1587E723 /* Pods_FamilyJira.framework */ = {isa = PBXFileReference; explicitFileType = wrapper.framework; includeInIndex = 0; path = Pods_FamilyJira.framework; sourceTree = BUILT_PRODUCTS_DIR; };
		CC72F85A49571A4043ED660E /* Pods-FamilyJira-FamilyJiraTests.debug.xcconfig */ = {isa = PBXFileReference; includeInIndex = 1; lastKnownFileType = text.xcconfig; name = "Pods-FamilyJira-FamilyJiraTests.debug.xcconfig"; path = "Target Support Files/Pods-FamilyJira-FamilyJiraTests/Pods-FamilyJira-FamilyJiraTests.debug.xcconfig"; sourceTree = "<group>"; };
		ECB23BB9804D1578394DEECD /* Pods_FamilyJira_FamilyJiraTests.framework */ = {isa = PBXFileReference; explicitFileType = wrapper.framework; includeInIndex = 0; path = Pods_FamilyJira_FamilyJiraTests.framework; sourceTree = BUILT_PRODUCTS_DIR; };
		F63A88B49202DB66F723DF80 /* Pods-FamilyJira.release.xcconfig */ = {isa = PBXFileReference; includeInIndex = 1; lastKnownFileType = text.xcconfig; name = "Pods-FamilyJira.release.xcconfig"; path = "Target Support Files/Pods-FamilyJira/Pods-FamilyJira.release.xcconfig"; sourceTree = "<group>"; };
		FCE7394D6C9CE3697E19BCC0 /* Pods-FamilyJira-FamilyJiraTests.release.xcconfig */ = {isa = PBXFileReference; includeInIndex = 1; lastKnownFileType = text.xcconfig; name = "Pods-FamilyJira-FamilyJiraTests.release.xcconfig"; path = "Target Support Files/Pods-FamilyJira-FamilyJiraTests/Pods-FamilyJira-FamilyJiraTests.release.xcconfig"; sourceTree = "<group>"; };
/* End PBXFileReference section */

/* Begin PBXFrameworksBuildPhase section */
		9CF7D6C72401832900760442 /* Frameworks */ = {
			isa = PBXFrameworksBuildPhase;
			buildActionMask = 2147483647;
			files = (
				6F2DA6FAE09FB4B053909853 /* Pods_FamilyJira.framework in Frameworks */,
			);
			runOnlyForDeploymentPostprocessing = 0;
		};
		9CF7D6DD2401832B00760442 /* Frameworks */ = {
			isa = PBXFrameworksBuildPhase;
			buildActionMask = 2147483647;
			files = (
				8951C0ADB8771EB6C02636BB /* Pods_FamilyJira_FamilyJiraTests.framework in Frameworks */,
			);
			runOnlyForDeploymentPostprocessing = 0;
		};
/* End PBXFrameworksBuildPhase section */

/* Begin PBXGroup section */
		7AC42C8811EA2D844BBC9ECA /* Frameworks */ = {
			isa = PBXGroup;
			children = (
				BDC22B6BB464A22A1587E723 /* Pods_FamilyJira.framework */,
				ECB23BB9804D1578394DEECD /* Pods_FamilyJira_FamilyJiraTests.framework */,
			);
			name = Frameworks;
			sourceTree = "<group>";
		};
		9CB85072240709E4004AAC23 /* ViewModel */ = {
			isa = PBXGroup;
			children = (
				9CB85073240709FB004AAC23 /* LoginRegistrationViewModel.swift */,
				9C332E3E244229D50063F98A /* SettingsViewModel.swift */,
				9C332E54244362BD0063F98A /* ProfileViewModel.swift */,
				9C332E5824438FC30063F98A /* MyTasksViewModel.swift */,
				9C0FA15924466DD9001E734C /* TaskViewModel.swift */,
			);
			path = ViewModel;
			sourceTree = "<group>";
		};
		9CF7D6C12401832900760442 = {
			isa = PBXGroup;
			children = (
				9CF7D6CC2401832900760442 /* FamilyJira */,
				9CF7D6E32401832B00760442 /* FamilyJiraTests */,
				9CF7D6CB2401832900760442 /* Products */,
				F1953BA4EC867241B8D31CB7 /* Pods */,
				7AC42C8811EA2D844BBC9ECA /* Frameworks */,
			);
			sourceTree = "<group>";
		};
		9CF7D6CB2401832900760442 /* Products */ = {
			isa = PBXGroup;
			children = (
				9CF7D6CA2401832900760442 /* FamilyJira.app */,
				9CF7D6E02401832B00760442 /* FamilyJiraTests.xctest */,
			);
			name = Products;
			sourceTree = "<group>";
		};
		9CF7D6CC2401832900760442 /* FamilyJira */ = {
			isa = PBXGroup;
			children = (
				9CF7D7062401B32200760442 /* Coordinator */,
				9CF7D70D2401B79500760442 /* View */,
				9CF7D6F32401A6D800760442 /* ViewController */,
				9CB85072240709E4004AAC23 /* ViewModel */,
				9CF7D7032401AFB700760442 /* Model */,
				9CF7D6FD2401AB8700760442 /* Utils */,
				9CF7D71F2402CF0300760442 /* Services */,
				9CF7D6FC2401A87100760442 /* SupportingFiles */,
				9CF7D6D32401832900760442 /* Main.storyboard */,
				9CF7D6D82401832A00760442 /* LaunchScreen.storyboard */,
				9CF7D6DB2401832A00760442 /* Info.plist */,
				9CF7D7192401CDF100760442 /* GoogleService-Info.plist */,
			);
			path = FamilyJira;
			sourceTree = "<group>";
		};
		9CF7D6E32401832B00760442 /* FamilyJiraTests */ = {
			isa = PBXGroup;
			children = (
				9CF7D6E42401832B00760442 /* FamilyJiraTests.swift */,
				9CF7D6E62401832B00760442 /* Info.plist */,
			);
			path = FamilyJiraTests;
			sourceTree = "<group>";
		};
		9CF7D6F32401A6D800760442 /* ViewController */ = {
			isa = PBXGroup;
			children = (
				9CF7D6F42401A79C00760442 /* HomeViewController.swift */,
				9CF7D6F82401A7CF00760442 /* MyTasksViewController.swift */,
				9CF7D6FA2401A7DA00760442 /* SettingsViewController.swift */,
				9CF7D70B2401B6DF00760442 /* LoginRegistrationViewController.swift */,
				9C332E4E244342F60063F98A /* NotImplementedViewController.swift */,
				9C332E50244362540063F98A /* ProfileViewController.swift */,
				9C332E5E2443C2900063F98A /* TaskViewController.swift */,
				9C0E1F1A2449066B009A184A /* NoBoardViewController.swift */,
			);
			path = ViewController;
			sourceTree = "<group>";
		};
		9CF7D6FC2401A87100760442 /* SupportingFiles */ = {
			isa = PBXGroup;
			children = (
				9CF7D6CD2401832900760442 /* AppDelegate.swift */,
				9CF7D6D62401832A00760442 /* Assets.xcassets */,
			);
			path = SupportingFiles;
			sourceTree = "<group>";
		};
		9CF7D6FD2401AB8700760442 /* Utils */ = {
			isa = PBXGroup;
			children = (
				9CF7D6FE2401ABBF00760442 /* Extensions */,
				9C332E4024422A460063F98A /* FamilyJiraDI.swift */,
			);
			path = Utils;
			sourceTree = "<group>";
		};
		9CF7D6FE2401ABBF00760442 /* Extensions */ = {
			isa = PBXGroup;
			children = (
				9CF7D6FF2401AC0000760442 /* UIImage+.swift */,
				9CF7D7012401AF6200760442 /* UITabBarItem+Tabs.swift */,
				9CF7D71B2401CEA000760442 /* UIColor+.swift */,
				9CF7D71D2401E85E00760442 /* UIViewController+.swift */,
				9CF7D728240304F600760442 /* Notification.Name+.swift */,
				9C332E46244252500063F98A /* UIImageView+.swift */,
			);
			path = Extensions;
			sourceTree = "<group>";
		};
		9CF7D7032401AFB700760442 /* Model */ = {
			isa = PBXGroup;
			children = (
				9CB85075240710CF004AAC23 /* LoginRegistrationEvent.swift */,
				9CF7D7042401AFC300760442 /* Tabs.swift */,
				9CB8507724071148004AAC23 /* LoginError.swift */,
				9C6467B3240E4A9A0099BC93 /* User.swift */,
				9C332E4224423DC40063F98A /* ProfileSection.swift */,
				9C332E4A24426A270063F98A /* PreferencesSection.swift */,
				9C332E4C24426E240063F98A /* Settings.swift */,
				9C332E5A2443913A0063F98A /* Task.swift */,
			);
			path = Model;
			sourceTree = "<group>";
		};
		9CF7D7062401B32200760442 /* Coordinator */ = {
			isa = PBXGroup;
			children = (
				9CF7D7172401C83500760442 /* LoginRegistrationCoordinator.swift */,
				9CF7D6D12401832900760442 /* TabBarCoordinator.swift */,
				9CF7D7222402D2E500760442 /* HomeCoordinator.swift */,
				9CF7D7242402D2F200760442 /* MyTasksCoordinator.swift */,
				9CF7D7262402D2FE00760442 /* SettingsCoordinator.swift */,
				9C332E52244362B00063F98A /* ProfileCoordinator.swift */,
				9C0FA15724466D92001E734C /* TaskCoordinator.swift */,
			);
			path = Coordinator;
			sourceTree = "<group>";
		};
		9CF7D70D2401B79500760442 /* View */ = {
			isa = PBXGroup;
			children = (
				9CF7D70E2401B7B300760442 /* BaseView.swift */,
				9CF7D7152401B83A00760442 /* LoginRegistrationView.swift */,
				9C332E4424423F280063F98A /* ProfileCell.swift */,
				9C332E48244268C90063F98A /* SettingsCell.swift */,
				9C332E56244365E10063F98A /* ProfileView.swift */,
				9C332E5C244392F40063F98A /* TaskCell.swift */,
				9C0FA15B24467363001E734C /* TaskView.swift */,
				9C0E1F1C244906C7009A184A /* NoBoardView.swift */,
			);
			path = View;
			sourceTree = "<group>";
		};
		9CF7D71F2402CF0300760442 /* Services */ = {
			isa = PBXGroup;
			children = (
				9CF7D7202402CF1A00760442 /* FirebaseService.swift */,
			);
			path = Services;
			sourceTree = "<group>";
		};
		F1953BA4EC867241B8D31CB7 /* Pods */ = {
			isa = PBXGroup;
			children = (
				B5AD1048D675F925E54097C4 /* Pods-FamilyJira.debug.xcconfig */,
				F63A88B49202DB66F723DF80 /* Pods-FamilyJira.release.xcconfig */,
				CC72F85A49571A4043ED660E /* Pods-FamilyJira-FamilyJiraTests.debug.xcconfig */,
				FCE7394D6C9CE3697E19BCC0 /* Pods-FamilyJira-FamilyJiraTests.release.xcconfig */,
			);
			path = Pods;
			sourceTree = "<group>";
		};
/* End PBXGroup section */

/* Begin PBXNativeTarget section */
		9CF7D6C92401832900760442 /* FamilyJira */ = {
			isa = PBXNativeTarget;
			buildConfigurationList = 9CF7D6E92401832B00760442 /* Build configuration list for PBXNativeTarget "FamilyJira" */;
			buildPhases = (
				130246942E4B2F3F92D784CD /* [CP] Check Pods Manifest.lock */,
				9CF7D6C62401832900760442 /* Sources */,
				9CF7D6C72401832900760442 /* Frameworks */,
				9CF7D6C82401832900760442 /* Resources */,
				3445B6895223E6BEE88390CA /* [CP] Embed Pods Frameworks */,
			);
			buildRules = (
			);
			dependencies = (
			);
			name = FamilyJira;
			productName = FamilyJira;
			productReference = 9CF7D6CA2401832900760442 /* FamilyJira.app */;
			productType = "com.apple.product-type.application";
		};
		9CF7D6DF2401832B00760442 /* FamilyJiraTests */ = {
			isa = PBXNativeTarget;
			buildConfigurationList = 9CF7D6EC2401832B00760442 /* Build configuration list for PBXNativeTarget "FamilyJiraTests" */;
			buildPhases = (
				4382241B75DFAD25230FBB07 /* [CP] Check Pods Manifest.lock */,
				9CF7D6DC2401832B00760442 /* Sources */,
				9CF7D6DD2401832B00760442 /* Frameworks */,
				9CF7D6DE2401832B00760442 /* Resources */,
				1D16FE434E9E3DCD09C3EF02 /* [CP] Embed Pods Frameworks */,
			);
			buildRules = (
			);
			dependencies = (
				9CF7D6E22401832B00760442 /* PBXTargetDependency */,
			);
			name = FamilyJiraTests;
			productName = FamilyJiraTests;
			productReference = 9CF7D6E02401832B00760442 /* FamilyJiraTests.xctest */;
			productType = "com.apple.product-type.bundle.unit-test";
		};
/* End PBXNativeTarget section */

/* Begin PBXProject section */
		9CF7D6C22401832900760442 /* Project object */ = {
			isa = PBXProject;
			attributes = {
				LastSwiftUpdateCheck = 1130;
				LastUpgradeCheck = 1130;
				ORGANIZATIONNAME = "George Ivannikov";
				TargetAttributes = {
					9CF7D6C92401832900760442 = {
						CreatedOnToolsVersion = 11.3.1;
					};
					9CF7D6DF2401832B00760442 = {
						CreatedOnToolsVersion = 11.3.1;
						TestTargetID = 9CF7D6C92401832900760442;
					};
				};
			};
			buildConfigurationList = 9CF7D6C52401832900760442 /* Build configuration list for PBXProject "FamilyJira" */;
			compatibilityVersion = "Xcode 9.3";
			developmentRegion = en;
			hasScannedForEncodings = 0;
			knownRegions = (
				en,
				Base,
			);
			mainGroup = 9CF7D6C12401832900760442;
			productRefGroup = 9CF7D6CB2401832900760442 /* Products */;
			projectDirPath = "";
			projectRoot = "";
			targets = (
				9CF7D6C92401832900760442 /* FamilyJira */,
				9CF7D6DF2401832B00760442 /* FamilyJiraTests */,
			);
		};
/* End PBXProject section */

/* Begin PBXResourcesBuildPhase section */
		9CF7D6C82401832900760442 /* Resources */ = {
			isa = PBXResourcesBuildPhase;
			buildActionMask = 2147483647;
			files = (
				9CF7D6DA2401832A00760442 /* LaunchScreen.storyboard in Resources */,
				9CF7D71A2401CDF100760442 /* GoogleService-Info.plist in Resources */,
				9CF7D6D72401832A00760442 /* Assets.xcassets in Resources */,
				9CF7D6D52401832900760442 /* Main.storyboard in Resources */,
			);
			runOnlyForDeploymentPostprocessing = 0;
		};
		9CF7D6DE2401832B00760442 /* Resources */ = {
			isa = PBXResourcesBuildPhase;
			buildActionMask = 2147483647;
			files = (
			);
			runOnlyForDeploymentPostprocessing = 0;
		};
/* End PBXResourcesBuildPhase section */

/* Begin PBXShellScriptBuildPhase section */
		130246942E4B2F3F92D784CD /* [CP] Check Pods Manifest.lock */ = {
			isa = PBXShellScriptBuildPhase;
			buildActionMask = 2147483647;
			files = (
			);
			inputFileListPaths = (
			);
			inputPaths = (
				"${PODS_PODFILE_DIR_PATH}/Podfile.lock",
				"${PODS_ROOT}/Manifest.lock",
			);
			name = "[CP] Check Pods Manifest.lock";
			outputFileListPaths = (
			);
			outputPaths = (
				"$(DERIVED_FILE_DIR)/Pods-FamilyJira-checkManifestLockResult.txt",
			);
			runOnlyForDeploymentPostprocessing = 0;
			shellPath = /bin/sh;
			shellScript = "diff \"${PODS_PODFILE_DIR_PATH}/Podfile.lock\" \"${PODS_ROOT}/Manifest.lock\" > /dev/null\nif [ $? != 0 ] ; then\n    # print error to STDERR\n    echo \"error: The sandbox is not in sync with the Podfile.lock. Run 'pod install' or update your CocoaPods installation.\" >&2\n    exit 1\nfi\n# This output is used by Xcode 'outputs' to avoid re-running this script phase.\necho \"SUCCESS\" > \"${SCRIPT_OUTPUT_FILE_0}\"\n";
			showEnvVarsInLog = 0;
		};
		1D16FE434E9E3DCD09C3EF02 /* [CP] Embed Pods Frameworks */ = {
			isa = PBXShellScriptBuildPhase;
			buildActionMask = 2147483647;
			files = (
			);
			inputFileListPaths = (
				"${PODS_ROOT}/Target Support Files/Pods-FamilyJira-FamilyJiraTests/Pods-FamilyJira-FamilyJiraTests-frameworks-${CONFIGURATION}-input-files.xcfilelist",
			);
			name = "[CP] Embed Pods Frameworks";
			outputFileListPaths = (
				"${PODS_ROOT}/Target Support Files/Pods-FamilyJira-FamilyJiraTests/Pods-FamilyJira-FamilyJiraTests-frameworks-${CONFIGURATION}-output-files.xcfilelist",
			);
			runOnlyForDeploymentPostprocessing = 0;
			shellPath = /bin/sh;
			shellScript = "\"${PODS_ROOT}/Target Support Files/Pods-FamilyJira-FamilyJiraTests/Pods-FamilyJira-FamilyJiraTests-frameworks.sh\"\n";
			showEnvVarsInLog = 0;
		};
		3445B6895223E6BEE88390CA /* [CP] Embed Pods Frameworks */ = {
			isa = PBXShellScriptBuildPhase;
			buildActionMask = 2147483647;
			files = (
			);
			inputFileListPaths = (
				"${PODS_ROOT}/Target Support Files/Pods-FamilyJira/Pods-FamilyJira-frameworks-${CONFIGURATION}-input-files.xcfilelist",
			);
			name = "[CP] Embed Pods Frameworks";
			outputFileListPaths = (
				"${PODS_ROOT}/Target Support Files/Pods-FamilyJira/Pods-FamilyJira-frameworks-${CONFIGURATION}-output-files.xcfilelist",
			);
			runOnlyForDeploymentPostprocessing = 0;
			shellPath = /bin/sh;
			shellScript = "\"${PODS_ROOT}/Target Support Files/Pods-FamilyJira/Pods-FamilyJira-frameworks.sh\"\n";
			showEnvVarsInLog = 0;
		};
		4382241B75DFAD25230FBB07 /* [CP] Check Pods Manifest.lock */ = {
			isa = PBXShellScriptBuildPhase;
			buildActionMask = 2147483647;
			files = (
			);
			inputFileListPaths = (
			);
			inputPaths = (
				"${PODS_PODFILE_DIR_PATH}/Podfile.lock",
				"${PODS_ROOT}/Manifest.lock",
			);
			name = "[CP] Check Pods Manifest.lock";
			outputFileListPaths = (
			);
			outputPaths = (
				"$(DERIVED_FILE_DIR)/Pods-FamilyJira-FamilyJiraTests-checkManifestLockResult.txt",
			);
			runOnlyForDeploymentPostprocessing = 0;
			shellPath = /bin/sh;
			shellScript = "diff \"${PODS_PODFILE_DIR_PATH}/Podfile.lock\" \"${PODS_ROOT}/Manifest.lock\" > /dev/null\nif [ $? != 0 ] ; then\n    # print error to STDERR\n    echo \"error: The sandbox is not in sync with the Podfile.lock. Run 'pod install' or update your CocoaPods installation.\" >&2\n    exit 1\nfi\n# This output is used by Xcode 'outputs' to avoid re-running this script phase.\necho \"SUCCESS\" > \"${SCRIPT_OUTPUT_FILE_0}\"\n";
			showEnvVarsInLog = 0;
		};
/* End PBXShellScriptBuildPhase section */

/* Begin PBXSourcesBuildPhase section */
		9CF7D6C62401832900760442 /* Sources */ = {
			isa = PBXSourcesBuildPhase;
			buildActionMask = 2147483647;
			files = (
				9C332E5924438FC30063F98A /* MyTasksViewModel.swift in Sources */,
				9C0FA15A24466DD9001E734C /* TaskViewModel.swift in Sources */,
				9CF7D6D22401832900760442 /* TabBarCoordinator.swift in Sources */,
				9CF7D6F92401A7CF00760442 /* MyTasksViewController.swift in Sources */,
				9CF7D7212402CF1A00760442 /* FirebaseService.swift in Sources */,
				9C332E4324423DC40063F98A /* ProfileSection.swift in Sources */,
				9C332E53244362B00063F98A /* ProfileCoordinator.swift in Sources */,
				9CF7D7232402D2E500760442 /* HomeCoordinator.swift in Sources */,
				9C332E4F244342F60063F98A /* NotImplementedViewController.swift in Sources */,
				9C332E51244362540063F98A /* ProfileViewController.swift in Sources */,
				9C0E1F1B2449066B009A184A /* NoBoardViewController.swift in Sources */,
				9CF7D71E2401E85E00760442 /* UIViewController+.swift in Sources */,
				9C332E4524423F280063F98A /* ProfileCell.swift in Sources */,
				9C0FA15C24467363001E734C /* TaskView.swift in Sources */,
				9CF7D6CE2401832900760442 /* AppDelegate.swift in Sources */,
				9CF7D7002401AC0000760442 /* UIImage+.swift in Sources */,
				9CF7D7182401C83500760442 /* LoginRegistrationCoordinator.swift in Sources */,
				9CB8507824071148004AAC23 /* LoginError.swift in Sources */,
				9CF7D70F2401B7B300760442 /* BaseView.swift in Sources */,
				9CF7D6FB2401A7DA00760442 /* SettingsViewController.swift in Sources */,
				9CB85074240709FB004AAC23 /* LoginRegistrationViewModel.swift in Sources */,
				9C0E1F1D244906C7009A184A /* NoBoardView.swift in Sources */,
				9CF7D7162401B83A00760442 /* LoginRegistrationView.swift in Sources */,
				9CF7D7022401AF6200760442 /* UITabBarItem+Tabs.swift in Sources */,
				9C332E47244252500063F98A /* UIImageView+.swift in Sources */,
				9C332E49244268C90063F98A /* SettingsCell.swift in Sources */,
				9C332E4B24426A270063F98A /* PreferencesSection.swift in Sources */,
				9CB85076240710CF004AAC23 /* LoginRegistrationEvent.swift in Sources */,
				9CF7D7272402D2FE00760442 /* SettingsCoordinator.swift in Sources */,
				9C332E4D24426E240063F98A /* Settings.swift in Sources */,
				9C332E5B2443913A0063F98A /* Task.swift in Sources */,
				9CF7D6F52401A79C00760442 /* HomeViewController.swift in Sources */,
				9CF7D7252402D2F200760442 /* MyTasksCoordinator.swift in Sources */,
				9CF7D7052401AFC300760442 /* Tabs.swift in Sources */,
				9C332E57244365E10063F98A /* ProfileView.swift in Sources */,
				9CF7D729240304F600760442 /* Notification.Name+.swift in Sources */,
				9CF7D70C2401B6DF00760442 /* LoginRegistrationViewController.swift in Sources */,
				9CF7D71C2401CEA000760442 /* UIColor+.swift in Sources */,
				9C332E4124422A460063F98A /* FamilyJiraDI.swift in Sources */,
				9C0FA15824466D92001E734C /* TaskCoordinator.swift in Sources */,
				9C6467B4240E4A9A0099BC93 /* User.swift in Sources */,
				9C332E3F244229D50063F98A /* SettingsViewModel.swift in Sources */,
				9C332E5F2443C2900063F98A /* TaskViewController.swift in Sources */,
				9C332E5D244392F40063F98A /* TaskCell.swift in Sources */,
				9C332E55244362BD0063F98A /* ProfileViewModel.swift in Sources */,
			);
			runOnlyForDeploymentPostprocessing = 0;
		};
		9CF7D6DC2401832B00760442 /* Sources */ = {
			isa = PBXSourcesBuildPhase;
			buildActionMask = 2147483647;
			files = (
				9CF7D6E52401832B00760442 /* FamilyJiraTests.swift in Sources */,
			);
			runOnlyForDeploymentPostprocessing = 0;
		};
/* End PBXSourcesBuildPhase section */

/* Begin PBXTargetDependency section */
		9CF7D6E22401832B00760442 /* PBXTargetDependency */ = {
			isa = PBXTargetDependency;
			target = 9CF7D6C92401832900760442 /* FamilyJira */;
			targetProxy = 9CF7D6E12401832B00760442 /* PBXContainerItemProxy */;
		};
/* End PBXTargetDependency section */

/* Begin PBXVariantGroup section */
		9CF7D6D32401832900760442 /* Main.storyboard */ = {
			isa = PBXVariantGroup;
			children = (
				9CF7D6D42401832900760442 /* Base */,
			);
			name = Main.storyboard;
			sourceTree = "<group>";
		};
		9CF7D6D82401832A00760442 /* LaunchScreen.storyboard */ = {
			isa = PBXVariantGroup;
			children = (
				9CF7D6D92401832A00760442 /* Base */,
			);
			name = LaunchScreen.storyboard;
			sourceTree = "<group>";
		};
/* End PBXVariantGroup section */

/* Begin XCBuildConfiguration section */
		9CF7D6E72401832B00760442 /* Debug */ = {
			isa = XCBuildConfiguration;
			buildSettings = {
				ALWAYS_SEARCH_USER_PATHS = NO;
				CLANG_ANALYZER_NONNULL = YES;
				CLANG_ANALYZER_NUMBER_OBJECT_CONVERSION = YES_AGGRESSIVE;
				CLANG_CXX_LANGUAGE_STANDARD = "gnu++14";
				CLANG_CXX_LIBRARY = "libc++";
				CLANG_ENABLE_MODULES = YES;
				CLANG_ENABLE_OBJC_ARC = YES;
				CLANG_ENABLE_OBJC_WEAK = YES;
				CLANG_WARN_BLOCK_CAPTURE_AUTORELEASING = YES;
				CLANG_WARN_BOOL_CONVERSION = YES;
				CLANG_WARN_COMMA = YES;
				CLANG_WARN_CONSTANT_CONVERSION = YES;
				CLANG_WARN_DEPRECATED_OBJC_IMPLEMENTATIONS = YES;
				CLANG_WARN_DIRECT_OBJC_ISA_USAGE = YES_ERROR;
				CLANG_WARN_DOCUMENTATION_COMMENTS = YES;
				CLANG_WARN_EMPTY_BODY = YES;
				CLANG_WARN_ENUM_CONVERSION = YES;
				CLANG_WARN_INFINITE_RECURSION = YES;
				CLANG_WARN_INT_CONVERSION = YES;
				CLANG_WARN_NON_LITERAL_NULL_CONVERSION = YES;
				CLANG_WARN_OBJC_IMPLICIT_RETAIN_SELF = YES;
				CLANG_WARN_OBJC_LITERAL_CONVERSION = YES;
				CLANG_WARN_OBJC_ROOT_CLASS = YES_ERROR;
				CLANG_WARN_RANGE_LOOP_ANALYSIS = YES;
				CLANG_WARN_STRICT_PROTOTYPES = YES;
				CLANG_WARN_SUSPICIOUS_MOVE = YES;
				CLANG_WARN_UNGUARDED_AVAILABILITY = YES_AGGRESSIVE;
				CLANG_WARN_UNREACHABLE_CODE = YES;
				CLANG_WARN__DUPLICATE_METHOD_MATCH = YES;
				COPY_PHASE_STRIP = NO;
				DEBUG_INFORMATION_FORMAT = dwarf;
				ENABLE_STRICT_OBJC_MSGSEND = YES;
				ENABLE_TESTABILITY = YES;
				GCC_C_LANGUAGE_STANDARD = gnu11;
				GCC_DYNAMIC_NO_PIC = NO;
				GCC_NO_COMMON_BLOCKS = YES;
				GCC_OPTIMIZATION_LEVEL = 0;
				GCC_PREPROCESSOR_DEFINITIONS = (
					"DEBUG=1",
					"$(inherited)",
				);
				GCC_WARN_64_TO_32_BIT_CONVERSION = YES;
				GCC_WARN_ABOUT_RETURN_TYPE = YES_ERROR;
				GCC_WARN_UNDECLARED_SELECTOR = YES;
				GCC_WARN_UNINITIALIZED_AUTOS = YES_AGGRESSIVE;
				GCC_WARN_UNUSED_FUNCTION = YES;
				GCC_WARN_UNUSED_VARIABLE = YES;
				IPHONEOS_DEPLOYMENT_TARGET = 13.2;
				MTL_ENABLE_DEBUG_INFO = INCLUDE_SOURCE;
				MTL_FAST_MATH = YES;
				ONLY_ACTIVE_ARCH = YES;
				SDKROOT = iphoneos;
				SWIFT_ACTIVE_COMPILATION_CONDITIONS = DEBUG;
				SWIFT_OPTIMIZATION_LEVEL = "-Onone";
			};
			name = Debug;
		};
		9CF7D6E82401832B00760442 /* Release */ = {
			isa = XCBuildConfiguration;
			buildSettings = {
				ALWAYS_SEARCH_USER_PATHS = NO;
				CLANG_ANALYZER_NONNULL = YES;
				CLANG_ANALYZER_NUMBER_OBJECT_CONVERSION = YES_AGGRESSIVE;
				CLANG_CXX_LANGUAGE_STANDARD = "gnu++14";
				CLANG_CXX_LIBRARY = "libc++";
				CLANG_ENABLE_MODULES = YES;
				CLANG_ENABLE_OBJC_ARC = YES;
				CLANG_ENABLE_OBJC_WEAK = YES;
				CLANG_WARN_BLOCK_CAPTURE_AUTORELEASING = YES;
				CLANG_WARN_BOOL_CONVERSION = YES;
				CLANG_WARN_COMMA = YES;
				CLANG_WARN_CONSTANT_CONVERSION = YES;
				CLANG_WARN_DEPRECATED_OBJC_IMPLEMENTATIONS = YES;
				CLANG_WARN_DIRECT_OBJC_ISA_USAGE = YES_ERROR;
				CLANG_WARN_DOCUMENTATION_COMMENTS = YES;
				CLANG_WARN_EMPTY_BODY = YES;
				CLANG_WARN_ENUM_CONVERSION = YES;
				CLANG_WARN_INFINITE_RECURSION = YES;
				CLANG_WARN_INT_CONVERSION = YES;
				CLANG_WARN_NON_LITERAL_NULL_CONVERSION = YES;
				CLANG_WARN_OBJC_IMPLICIT_RETAIN_SELF = YES;
				CLANG_WARN_OBJC_LITERAL_CONVERSION = YES;
				CLANG_WARN_OBJC_ROOT_CLASS = YES_ERROR;
				CLANG_WARN_RANGE_LOOP_ANALYSIS = YES;
				CLANG_WARN_STRICT_PROTOTYPES = YES;
				CLANG_WARN_SUSPICIOUS_MOVE = YES;
				CLANG_WARN_UNGUARDED_AVAILABILITY = YES_AGGRESSIVE;
				CLANG_WARN_UNREACHABLE_CODE = YES;
				CLANG_WARN__DUPLICATE_METHOD_MATCH = YES;
				COPY_PHASE_STRIP = NO;
				DEBUG_INFORMATION_FORMAT = "dwarf-with-dsym";
				ENABLE_NS_ASSERTIONS = NO;
				ENABLE_STRICT_OBJC_MSGSEND = YES;
				GCC_C_LANGUAGE_STANDARD = gnu11;
				GCC_NO_COMMON_BLOCKS = YES;
				GCC_WARN_64_TO_32_BIT_CONVERSION = YES;
				GCC_WARN_ABOUT_RETURN_TYPE = YES_ERROR;
				GCC_WARN_UNDECLARED_SELECTOR = YES;
				GCC_WARN_UNINITIALIZED_AUTOS = YES_AGGRESSIVE;
				GCC_WARN_UNUSED_FUNCTION = YES;
				GCC_WARN_UNUSED_VARIABLE = YES;
				IPHONEOS_DEPLOYMENT_TARGET = 13.2;
				MTL_ENABLE_DEBUG_INFO = NO;
				MTL_FAST_MATH = YES;
				SDKROOT = iphoneos;
				SWIFT_COMPILATION_MODE = wholemodule;
				SWIFT_OPTIMIZATION_LEVEL = "-O";
				VALIDATE_PRODUCT = YES;
			};
			name = Release;
		};
		9CF7D6EA2401832B00760442 /* Debug */ = {
			isa = XCBuildConfiguration;
			baseConfigurationReference = B5AD1048D675F925E54097C4 /* Pods-FamilyJira.debug.xcconfig */;
			buildSettings = {
				ASSETCATALOG_COMPILER_APPICON_NAME = AppIcon;
				CODE_SIGN_STYLE = Automatic;
				DEVELOPMENT_TEAM = 8JH59DJ45H;
				INFOPLIST_FILE = FamilyJira/Info.plist;
				LD_RUNPATH_SEARCH_PATHS = (
					"$(inherited)",
					"@executable_path/Frameworks",
				);
				PRODUCT_BUNDLE_IDENTIFIER = G8.FamilyJira;
				PRODUCT_NAME = "$(TARGET_NAME)";
				SWIFT_VERSION = 5.0;
				TARGETED_DEVICE_FAMILY = 1;
			};
			name = Debug;
		};
		9CF7D6EB2401832B00760442 /* Release */ = {
			isa = XCBuildConfiguration;
			baseConfigurationReference = F63A88B49202DB66F723DF80 /* Pods-FamilyJira.release.xcconfig */;
			buildSettings = {
				ASSETCATALOG_COMPILER_APPICON_NAME = AppIcon;
				CODE_SIGN_STYLE = Automatic;
				DEVELOPMENT_TEAM = 8JH59DJ45H;
				INFOPLIST_FILE = FamilyJira/Info.plist;
				LD_RUNPATH_SEARCH_PATHS = (
					"$(inherited)",
					"@executable_path/Frameworks",
				);
				PRODUCT_BUNDLE_IDENTIFIER = G8.FamilyJira;
				PRODUCT_NAME = "$(TARGET_NAME)";
				SWIFT_VERSION = 5.0;
				TARGETED_DEVICE_FAMILY = 1;
			};
			name = Release;
		};
		9CF7D6ED2401832B00760442 /* Debug */ = {
			isa = XCBuildConfiguration;
			baseConfigurationReference = CC72F85A49571A4043ED660E /* Pods-FamilyJira-FamilyJiraTests.debug.xcconfig */;
			buildSettings = {
				ALWAYS_EMBED_SWIFT_STANDARD_LIBRARIES = YES;
				BUNDLE_LOADER = "$(TEST_HOST)";
				CODE_SIGN_STYLE = Automatic;
				DEVELOPMENT_TEAM = 8JH59DJ45H;
				INFOPLIST_FILE = FamilyJiraTests/Info.plist;
				IPHONEOS_DEPLOYMENT_TARGET = 13.2;
				LD_RUNPATH_SEARCH_PATHS = (
					"$(inherited)",
					"@executable_path/Frameworks",
					"@loader_path/Frameworks",
				);
				PRODUCT_BUNDLE_IDENTIFIER = G8.FamilyJiraTests;
				PRODUCT_NAME = "$(TARGET_NAME)";
				SWIFT_VERSION = 5.0;
				TARGETED_DEVICE_FAMILY = "1,2";
				TEST_HOST = "$(BUILT_PRODUCTS_DIR)/FamilyJira.app/FamilyJira";
			};
			name = Debug;
		};
		9CF7D6EE2401832B00760442 /* Release */ = {
			isa = XCBuildConfiguration;
			baseConfigurationReference = FCE7394D6C9CE3697E19BCC0 /* Pods-FamilyJira-FamilyJiraTests.release.xcconfig */;
			buildSettings = {
				ALWAYS_EMBED_SWIFT_STANDARD_LIBRARIES = YES;
				BUNDLE_LOADER = "$(TEST_HOST)";
				CODE_SIGN_STYLE = Automatic;
				DEVELOPMENT_TEAM = 8JH59DJ45H;
				INFOPLIST_FILE = FamilyJiraTests/Info.plist;
				IPHONEOS_DEPLOYMENT_TARGET = 13.2;
				LD_RUNPATH_SEARCH_PATHS = (
					"$(inherited)",
					"@executable_path/Frameworks",
					"@loader_path/Frameworks",
				);
				PRODUCT_BUNDLE_IDENTIFIER = G8.FamilyJiraTests;
				PRODUCT_NAME = "$(TARGET_NAME)";
				SWIFT_VERSION = 5.0;
				TARGETED_DEVICE_FAMILY = "1,2";
				TEST_HOST = "$(BUILT_PRODUCTS_DIR)/FamilyJira.app/FamilyJira";
			};
			name = Release;
		};
/* End XCBuildConfiguration section */

/* Begin XCConfigurationList section */
		9CF7D6C52401832900760442 /* Build configuration list for PBXProject "FamilyJira" */ = {
			isa = XCConfigurationList;
			buildConfigurations = (
				9CF7D6E72401832B00760442 /* Debug */,
				9CF7D6E82401832B00760442 /* Release */,
			);
			defaultConfigurationIsVisible = 0;
			defaultConfigurationName = Release;
		};
		9CF7D6E92401832B00760442 /* Build configuration list for PBXNativeTarget "FamilyJira" */ = {
			isa = XCConfigurationList;
			buildConfigurations = (
				9CF7D6EA2401832B00760442 /* Debug */,
				9CF7D6EB2401832B00760442 /* Release */,
			);
			defaultConfigurationIsVisible = 0;
			defaultConfigurationName = Release;
		};
		9CF7D6EC2401832B00760442 /* Build configuration list for PBXNativeTarget "FamilyJiraTests" */ = {
			isa = XCConfigurationList;
			buildConfigurations = (
				9CF7D6ED2401832B00760442 /* Debug */,
				9CF7D6EE2401832B00760442 /* Release */,
			);
			defaultConfigurationIsVisible = 0;
			defaultConfigurationName = Release;
		};
/* End XCConfigurationList section */
	};
	rootObject = 9CF7D6C22401832900760442 /* Project object */;
}
